// !$*UTF8*$!
{
	archiveVersion = 1;
	classes = {
	};
	objectVersion = 46;
	objects = {

/* Begin PBXBuildFile section */
		091F5E331F5506E2008A9448 /* SplashViewController.swift in Sources */ = {isa = PBXBuildFile; fileRef = 091F5E321F5506E2008A9448 /* SplashViewController.swift */; };
		093AF2441F590F2200DB50CF /* Array+Shuffle.swift in Sources */ = {isa = PBXBuildFile; fileRef = 093AF2431F590F2200DB50CF /* Array+Shuffle.swift */; };
		093AF24D1F59449E00DB50CF /* RefreshTableViewCell.swift in Sources */ = {isa = PBXBuildFile; fileRef = 093AF24B1F59449E00DB50CF /* RefreshTableViewCell.swift */; };
		093AF24E1F59449E00DB50CF /* RefreshTableViewCell.xib in Resources */ = {isa = PBXBuildFile; fileRef = 093AF24C1F59449E00DB50CF /* RefreshTableViewCell.xib */; };
		094EFE351F45828B00B94085 /* CommentViewController.swift in Sources */ = {isa = PBXBuildFile; fileRef = 094EFE341F45828B00B94085 /* CommentViewController.swift */; };
		098210F91F5E355C009B978A /* Color+Ext.swift in Sources */ = {isa = PBXBuildFile; fileRef = 098210F81F5E355C009B978A /* Color+Ext.swift */; };
		09B76C111F4C16D90068A865 /* Profile.storyboard in Resources */ = {isa = PBXBuildFile; fileRef = 09B76C101F4C16D90068A865 /* Profile.storyboard */; };
		09B76C131F4C22270068A865 /* ProfileViewController.swift in Sources */ = {isa = PBXBuildFile; fileRef = 09B76C121F4C22270068A865 /* ProfileViewController.swift */; };
		09B76C151F4C26380068A865 /* User.swift in Sources */ = {isa = PBXBuildFile; fileRef = 09B76C141F4C26380068A865 /* User.swift */; };
		09B76C171F4C29B40068A865 /* DateExtension.swift in Sources */ = {isa = PBXBuildFile; fileRef = 09B76C161F4C29B40068A865 /* DateExtension.swift */; };
		09D8DB951F6127B00065FCF5 /* AppRouter.swift in Sources */ = {isa = PBXBuildFile; fileRef = 09D8DB941F6127B00065FCF5 /* AppRouter.swift */; };
		09D8DB971F61280C0065FCF5 /* ApiClient.swift in Sources */ = {isa = PBXBuildFile; fileRef = 09D8DB961F61280C0065FCF5 /* ApiClient.swift */; };
		09D8DB9A1F61291B0065FCF5 /* Config.swift in Sources */ = {isa = PBXBuildFile; fileRef = 09D8DB991F61291B0065FCF5 /* Config.swift */; };
		09D8DB9C1F612E980065FCF5 /* TimelineRouter.swift in Sources */ = {isa = PBXBuildFile; fileRef = 09D8DB9B1F612E970065FCF5 /* TimelineRouter.swift */; };
		09F0B12B1F4C43930070F50C /* EditProfileViewController.swift in Sources */ = {isa = PBXBuildFile; fileRef = 09F0B12A1F4C43930070F50C /* EditProfileViewController.swift */; };
		09FF5DDD1F3458A200F8E8D9 /* NewStatusViewController.swift in Sources */ = {isa = PBXBuildFile; fileRef = 09FF5DDC1F3458A200F8E8D9 /* NewStatusViewController.swift */; };
		8439E8FE1F21B45400C484F6 /* UIViewControllerExtension.swift in Sources */ = {isa = PBXBuildFile; fileRef = 8439E8FD1F21B45400C484F6 /* UIViewControllerExtension.swift */; };
		8439E9041F21FB5800C484F6 /* UiTextFieldExtension.swift in Sources */ = {isa = PBXBuildFile; fileRef = 8439E9031F21FB5800C484F6 /* UiTextFieldExtension.swift */; };
		843B18C61F1F3C390069B798 /* RegisterController.swift in Sources */ = {isa = PBXBuildFile; fileRef = 843B18C51F1F3C390069B798 /* RegisterController.swift */; };
		847088D11F2AD4C600B42D49 /* PostStatusTableViewCell.swift in Sources */ = {isa = PBXBuildFile; fileRef = 847088CF1F2AD4C600B42D49 /* PostStatusTableViewCell.swift */; };
		847088D21F2AD4C600B42D49 /* PostStatusTableViewCell.xib in Resources */ = {isa = PBXBuildFile; fileRef = 847088D01F2AD4C600B42D49 /* PostStatusTableViewCell.xib */; };
		847088D51F2AEB1600B42D49 /* Status02TableViewCell.swift in Sources */ = {isa = PBXBuildFile; fileRef = 847088D31F2AEB1600B42D49 /* Status02TableViewCell.swift */; };
		847088D61F2AEB1600B42D49 /* Status02TableViewCell.xib in Resources */ = {isa = PBXBuildFile; fileRef = 847088D41F2AEB1600B42D49 /* Status02TableViewCell.xib */; };
		847088D91F2AED4500B42D49 /* Status.swift in Sources */ = {isa = PBXBuildFile; fileRef = 847088D81F2AED4500B42D49 /* Status.swift */; };
		847D50E61F29CB5D0005A63F /* MainApp.storyboard in Resources */ = {isa = PBXBuildFile; fileRef = 847D50E51F29CB5D0005A63F /* MainApp.storyboard */; };
		847D50EB1F29CE320005A63F /* TimeLineTableViewController.swift in Sources */ = {isa = PBXBuildFile; fileRef = 847D50EA1F29CE320005A63F /* TimeLineTableViewController.swift */; };
		847D50EF1F29CEEB0005A63F /* Status01TableViewCell.swift in Sources */ = {isa = PBXBuildFile; fileRef = 847D50ED1F29CEEB0005A63F /* Status01TableViewCell.swift */; };
		847D50F01F29CEEB0005A63F /* Status01TableViewCell.xib in Resources */ = {isa = PBXBuildFile; fileRef = 847D50EE1F29CEEB0005A63F /* Status01TableViewCell.xib */; };
		84BDF8611F1DA43D00BA9228 /* AppDelegate.swift in Sources */ = {isa = PBXBuildFile; fileRef = 84BDF8601F1DA43D00BA9228 /* AppDelegate.swift */; };
		84BDF8631F1DA43D00BA9228 /* ViewController.swift in Sources */ = {isa = PBXBuildFile; fileRef = 84BDF8621F1DA43D00BA9228 /* ViewController.swift */; };
		84BDF8661F1DA43E00BA9228 /* Main.storyboard in Resources */ = {isa = PBXBuildFile; fileRef = 84BDF8641F1DA43E00BA9228 /* Main.storyboard */; };
		84BDF8681F1DA43E00BA9228 /* Assets.xcassets in Resources */ = {isa = PBXBuildFile; fileRef = 84BDF8671F1DA43E00BA9228 /* Assets.xcassets */; };
		84BDF86B1F1DA43E00BA9228 /* LaunchScreen.storyboard in Resources */ = {isa = PBXBuildFile; fileRef = 84BDF8691F1DA43E00BA9228 /* LaunchScreen.storyboard */; };
		84C165BE1F2192CA005F8B62 /* UIViewExtension.swift in Sources */ = {isa = PBXBuildFile; fileRef = 84C165BD1F2192CA005F8B62 /* UIViewExtension.swift */; };
		AC6FA2C92CB31D7E9DFA1B73 /* Pods_TrainingIOS.framework in Frameworks */ = {isa = PBXBuildFile; fileRef = 1C397F22BFF603541E69B5D5 /* Pods_TrainingIOS.framework */; };
/* End PBXBuildFile section */

/* Begin PBXFileReference section */
		091F5E321F5506E2008A9448 /* SplashViewController.swift */ = {isa = PBXFileReference; fileEncoding = 4; lastKnownFileType = sourcecode.swift; path = SplashViewController.swift; sourceTree = "<group>"; };
		093AF2431F590F2200DB50CF /* Array+Shuffle.swift */ = {isa = PBXFileReference; fileEncoding = 4; lastKnownFileType = sourcecode.swift; path = "Array+Shuffle.swift"; sourceTree = "<group>"; };
		093AF24B1F59449E00DB50CF /* RefreshTableViewCell.swift */ = {isa = PBXFileReference; fileEncoding = 4; lastKnownFileType = sourcecode.swift; path = RefreshTableViewCell.swift; sourceTree = "<group>"; };
		093AF24C1F59449E00DB50CF /* RefreshTableViewCell.xib */ = {isa = PBXFileReference; fileEncoding = 4; lastKnownFileType = file.xib; path = RefreshTableViewCell.xib; sourceTree = "<group>"; };
		094EFE341F45828B00B94085 /* CommentViewController.swift */ = {isa = PBXFileReference; fileEncoding = 4; lastKnownFileType = sourcecode.swift; path = CommentViewController.swift; sourceTree = "<group>"; };
		098210F81F5E355C009B978A /* Color+Ext.swift */ = {isa = PBXFileReference; fileEncoding = 4; lastKnownFileType = sourcecode.swift; path = "Color+Ext.swift"; sourceTree = "<group>"; };
		09B76C101F4C16D90068A865 /* Profile.storyboard */ = {isa = PBXFileReference; fileEncoding = 4; lastKnownFileType = file.storyboard; path = Profile.storyboard; sourceTree = "<group>"; };
		09B76C121F4C22270068A865 /* ProfileViewController.swift */ = {isa = PBXFileReference; fileEncoding = 4; lastKnownFileType = sourcecode.swift; path = ProfileViewController.swift; sourceTree = "<group>"; };
		09B76C141F4C26380068A865 /* User.swift */ = {isa = PBXFileReference; fileEncoding = 4; lastKnownFileType = sourcecode.swift; path = User.swift; sourceTree = "<group>"; };
		09B76C161F4C29B40068A865 /* DateExtension.swift */ = {isa = PBXFileReference; fileEncoding = 4; lastKnownFileType = sourcecode.swift; path = DateExtension.swift; sourceTree = "<group>"; };
		09D8DB941F6127B00065FCF5 /* AppRouter.swift */ = {isa = PBXFileReference; fileEncoding = 4; lastKnownFileType = sourcecode.swift; path = AppRouter.swift; sourceTree = "<group>"; };
		09D8DB961F61280C0065FCF5 /* ApiClient.swift */ = {isa = PBXFileReference; fileEncoding = 4; lastKnownFileType = sourcecode.swift; path = ApiClient.swift; sourceTree = "<group>"; };
		09D8DB991F61291B0065FCF5 /* Config.swift */ = {isa = PBXFileReference; fileEncoding = 4; lastKnownFileType = sourcecode.swift; path = Config.swift; sourceTree = "<group>"; };
		09D8DB9B1F612E970065FCF5 /* TimelineRouter.swift */ = {isa = PBXFileReference; fileEncoding = 4; lastKnownFileType = sourcecode.swift; path = TimelineRouter.swift; sourceTree = "<group>"; };
		09F0B12A1F4C43930070F50C /* EditProfileViewController.swift */ = {isa = PBXFileReference; fileEncoding = 4; lastKnownFileType = sourcecode.swift; path = EditProfileViewController.swift; sourceTree = "<group>"; };
		09FF5DDC1F3458A200F8E8D9 /* NewStatusViewController.swift */ = {isa = PBXFileReference; fileEncoding = 4; lastKnownFileType = sourcecode.swift; path = NewStatusViewController.swift; sourceTree = "<group>"; };
		1C397F22BFF603541E69B5D5 /* Pods_TrainingIOS.framework */ = {isa = PBXFileReference; explicitFileType = wrapper.framework; includeInIndex = 0; path = Pods_TrainingIOS.framework; sourceTree = BUILT_PRODUCTS_DIR; };
		8439E8FD1F21B45400C484F6 /* UIViewControllerExtension.swift */ = {isa = PBXFileReference; fileEncoding = 4; lastKnownFileType = sourcecode.swift; path = UIViewControllerExtension.swift; sourceTree = "<group>"; };
		8439E9031F21FB5800C484F6 /* UiTextFieldExtension.swift */ = {isa = PBXFileReference; fileEncoding = 4; lastKnownFileType = sourcecode.swift; path = UiTextFieldExtension.swift; sourceTree = "<group>"; };
		843B18C51F1F3C390069B798 /* RegisterController.swift */ = {isa = PBXFileReference; fileEncoding = 4; lastKnownFileType = sourcecode.swift; path = RegisterController.swift; sourceTree = "<group>"; };
		847088CF1F2AD4C600B42D49 /* PostStatusTableViewCell.swift */ = {isa = PBXFileReference; fileEncoding = 4; lastKnownFileType = sourcecode.swift; path = PostStatusTableViewCell.swift; sourceTree = "<group>"; };
		847088D01F2AD4C600B42D49 /* PostStatusTableViewCell.xib */ = {isa = PBXFileReference; fileEncoding = 4; lastKnownFileType = file.xib; path = PostStatusTableViewCell.xib; sourceTree = "<group>"; };
		847088D31F2AEB1600B42D49 /* Status02TableViewCell.swift */ = {isa = PBXFileReference; fileEncoding = 4; lastKnownFileType = sourcecode.swift; path = Status02TableViewCell.swift; sourceTree = "<group>"; };
		847088D41F2AEB1600B42D49 /* Status02TableViewCell.xib */ = {isa = PBXFileReference; fileEncoding = 4; lastKnownFileType = file.xib; path = Status02TableViewCell.xib; sourceTree = "<group>"; };
		847088D81F2AED4500B42D49 /* Status.swift */ = {isa = PBXFileReference; fileEncoding = 4; lastKnownFileType = sourcecode.swift; path = Status.swift; sourceTree = "<group>"; };
		847D50E51F29CB5D0005A63F /* MainApp.storyboard */ = {isa = PBXFileReference; fileEncoding = 4; lastKnownFileType = file.storyboard; path = MainApp.storyboard; sourceTree = "<group>"; };
		847D50EA1F29CE320005A63F /* TimeLineTableViewController.swift */ = {isa = PBXFileReference; fileEncoding = 4; lastKnownFileType = sourcecode.swift; path = TimeLineTableViewController.swift; sourceTree = "<group>"; };
		847D50ED1F29CEEB0005A63F /* Status01TableViewCell.swift */ = {isa = PBXFileReference; fileEncoding = 4; lastKnownFileType = sourcecode.swift; path = Status01TableViewCell.swift; sourceTree = "<group>"; };
		847D50EE1F29CEEB0005A63F /* Status01TableViewCell.xib */ = {isa = PBXFileReference; fileEncoding = 4; lastKnownFileType = file.xib; path = Status01TableViewCell.xib; sourceTree = "<group>"; };
		84BDF85D1F1DA43D00BA9228 /* TrainingIOS.app */ = {isa = PBXFileReference; explicitFileType = wrapper.application; includeInIndex = 0; path = TrainingIOS.app; sourceTree = BUILT_PRODUCTS_DIR; };
		84BDF8601F1DA43D00BA9228 /* AppDelegate.swift */ = {isa = PBXFileReference; lastKnownFileType = sourcecode.swift; path = AppDelegate.swift; sourceTree = "<group>"; };
		84BDF8621F1DA43D00BA9228 /* ViewController.swift */ = {isa = PBXFileReference; lastKnownFileType = sourcecode.swift; path = ViewController.swift; sourceTree = "<group>"; };
		84BDF8651F1DA43E00BA9228 /* Base */ = {isa = PBXFileReference; lastKnownFileType = file.storyboard; name = Base; path = Base.lproj/Main.storyboard; sourceTree = "<group>"; };
		84BDF8671F1DA43E00BA9228 /* Assets.xcassets */ = {isa = PBXFileReference; lastKnownFileType = folder.assetcatalog; path = Assets.xcassets; sourceTree = "<group>"; };
		84BDF86A1F1DA43E00BA9228 /* Base */ = {isa = PBXFileReference; lastKnownFileType = file.storyboard; name = Base; path = Base.lproj/LaunchScreen.storyboard; sourceTree = "<group>"; };
		84BDF86C1F1DA43E00BA9228 /* Info.plist */ = {isa = PBXFileReference; lastKnownFileType = text.plist.xml; path = Info.plist; sourceTree = "<group>"; };
		84C165BD1F2192CA005F8B62 /* UIViewExtension.swift */ = {isa = PBXFileReference; fileEncoding = 4; lastKnownFileType = sourcecode.swift; path = UIViewExtension.swift; sourceTree = "<group>"; };
		A3C0F2E0D7D2668A14E1CCE5 /* Pods-TrainingIOS.release.xcconfig */ = {isa = PBXFileReference; includeInIndex = 1; lastKnownFileType = text.xcconfig; name = "Pods-TrainingIOS.release.xcconfig"; path = "Pods/Target Support Files/Pods-TrainingIOS/Pods-TrainingIOS.release.xcconfig"; sourceTree = "<group>"; };
		AAB2DC7CDCA5D1B3615DB3AD /* Pods-TrainingIOS.debug.xcconfig */ = {isa = PBXFileReference; includeInIndex = 1; lastKnownFileType = text.xcconfig; name = "Pods-TrainingIOS.debug.xcconfig"; path = "Pods/Target Support Files/Pods-TrainingIOS/Pods-TrainingIOS.debug.xcconfig"; sourceTree = "<group>"; };
/* End PBXFileReference section */

/* Begin PBXFrameworksBuildPhase section */
		84BDF85A1F1DA43D00BA9228 /* Frameworks */ = {
			isa = PBXFrameworksBuildPhase;
			buildActionMask = 2147483647;
			files = (
				AC6FA2C92CB31D7E9DFA1B73 /* Pods_TrainingIOS.framework in Frameworks */,
			);
			runOnlyForDeploymentPostprocessing = 0;
		};
/* End PBXFrameworksBuildPhase section */

/* Begin PBXGroup section */
		09D8DB931F61278A0065FCF5 /* Services */ = {
			isa = PBXGroup;
			children = (
				09D8DB941F6127B00065FCF5 /* AppRouter.swift */,
				09D8DB961F61280C0065FCF5 /* ApiClient.swift */,
				09D8DB9B1F612E970065FCF5 /* TimelineRouter.swift */,
			);
			name = Services;
			sourceTree = "<group>";
		};
		09D8DB981F6128DD0065FCF5 /* Helpers */ = {
			isa = PBXGroup;
			children = (
				09D8DB991F61291B0065FCF5 /* Config.swift */,
			);
			name = Helpers;
			sourceTree = "<group>";
		};
		847088D71F2AED1B00B42D49 /* Model */ = {
			isa = PBXGroup;
			children = (
				847088D81F2AED4500B42D49 /* Status.swift */,
				09B76C141F4C26380068A865 /* User.swift */,
			);
			name = Model;
			sourceTree = "<group>";
		};
		847D50E71F29CBF30005A63F /* Extension */ = {
			isa = PBXGroup;
			children = (
				8439E8FD1F21B45400C484F6 /* UIViewControllerExtension.swift */,
				8439E9031F21FB5800C484F6 /* UiTextFieldExtension.swift */,
				84C165BD1F2192CA005F8B62 /* UIViewExtension.swift */,
				09B76C161F4C29B40068A865 /* DateExtension.swift */,
				093AF2431F590F2200DB50CF /* Array+Shuffle.swift */,
				098210F81F5E355C009B978A /* Color+Ext.swift */,
			);
			name = Extension;
			sourceTree = "<group>";
		};
		847D50E81F29CC080005A63F /* Controller */ = {
			isa = PBXGroup;
			children = (
				84BDF8621F1DA43D00BA9228 /* ViewController.swift */,
				843B18C51F1F3C390069B798 /* RegisterController.swift */,
				847D50EA1F29CE320005A63F /* TimeLineTableViewController.swift */,
				09FF5DDC1F3458A200F8E8D9 /* NewStatusViewController.swift */,
				094EFE341F45828B00B94085 /* CommentViewController.swift */,
				091F5E321F5506E2008A9448 /* SplashViewController.swift */,
				09B76C121F4C22270068A865 /* ProfileViewController.swift */,
				09F0B12A1F4C43930070F50C /* EditProfileViewController.swift */,
			);
			name = Controller;
			sourceTree = "<group>";
		};
		847D50E91F29CC2E0005A63F /* View */ = {
			isa = PBXGroup;
			children = (
				84BDF8641F1DA43E00BA9228 /* Main.storyboard */,
				847D50E51F29CB5D0005A63F /* MainApp.storyboard */,
				09B76C101F4C16D90068A865 /* Profile.storyboard */,
			);
			name = View;
			sourceTree = "<group>";
		};
		847D50EC1F29CE820005A63F /* CustomCell */ = {
			isa = PBXGroup;
			children = (
				847D50ED1F29CEEB0005A63F /* Status01TableViewCell.swift */,
				847D50EE1F29CEEB0005A63F /* Status01TableViewCell.xib */,
				847088CF1F2AD4C600B42D49 /* PostStatusTableViewCell.swift */,
				847088D01F2AD4C600B42D49 /* PostStatusTableViewCell.xib */,
				847088D31F2AEB1600B42D49 /* Status02TableViewCell.swift */,
				847088D41F2AEB1600B42D49 /* Status02TableViewCell.xib */,
				093AF24B1F59449E00DB50CF /* RefreshTableViewCell.swift */,
				093AF24C1F59449E00DB50CF /* RefreshTableViewCell.xib */,
			);
			name = CustomCell;
			sourceTree = "<group>";
		};
		84BDF8541F1DA43D00BA9228 = {
			isa = PBXGroup;
			children = (
				84BDF85F1F1DA43D00BA9228 /* TrainingIOS */,
				84BDF85E1F1DA43D00BA9228 /* Products */,
				EA42C6D9ACF5A68573461568 /* Pods */,
				9794B975BD56C6683BEE83AA /* Frameworks */,
			);
			sourceTree = "<group>";
		};
		84BDF85E1F1DA43D00BA9228 /* Products */ = {
			isa = PBXGroup;
			children = (
				84BDF85D1F1DA43D00BA9228 /* TrainingIOS.app */,
			);
			name = Products;
			sourceTree = "<group>";
		};
		84BDF85F1F1DA43D00BA9228 /* TrainingIOS */ = {
			isa = PBXGroup;
			children = (
				84BDF8601F1DA43D00BA9228 /* AppDelegate.swift */,
				09D8DB981F6128DD0065FCF5 /* Helpers */,
				09D8DB931F61278A0065FCF5 /* Services */,
				847088D71F2AED1B00B42D49 /* Model */,
				847D50E91F29CC2E0005A63F /* View */,
				847D50E81F29CC080005A63F /* Controller */,
				847D50E71F29CBF30005A63F /* Extension */,
				847D50EC1F29CE820005A63F /* CustomCell */,
				84BDF8671F1DA43E00BA9228 /* Assets.xcassets */,
				84BDF8691F1DA43E00BA9228 /* LaunchScreen.storyboard */,
				84BDF86C1F1DA43E00BA9228 /* Info.plist */,
			);
			path = TrainingIOS;
			sourceTree = "<group>";
		};
		9794B975BD56C6683BEE83AA /* Frameworks */ = {
			isa = PBXGroup;
			children = (
				1C397F22BFF603541E69B5D5 /* Pods_TrainingIOS.framework */,
			);
			name = Frameworks;
			sourceTree = "<group>";
		};
		EA42C6D9ACF5A68573461568 /* Pods */ = {
			isa = PBXGroup;
			children = (
				AAB2DC7CDCA5D1B3615DB3AD /* Pods-TrainingIOS.debug.xcconfig */,
				A3C0F2E0D7D2668A14E1CCE5 /* Pods-TrainingIOS.release.xcconfig */,
			);
			name = Pods;
			sourceTree = "<group>";
		};
/* End PBXGroup section */

/* Begin PBXNativeTarget section */
		84BDF85C1F1DA43D00BA9228 /* TrainingIOS */ = {
			isa = PBXNativeTarget;
			buildConfigurationList = 84BDF86F1F1DA43E00BA9228 /* Build configuration list for PBXNativeTarget "TrainingIOS" */;
			buildPhases = (
				0F270BA420FA6ACFE20CE61D /* [CP] Check Pods Manifest.lock */,
				84BDF8591F1DA43D00BA9228 /* Sources */,
				84BDF85A1F1DA43D00BA9228 /* Frameworks */,
				84BDF85B1F1DA43D00BA9228 /* Resources */,
				0A4EAACD4CF2864C027E10B7 /* [CP] Embed Pods Frameworks */,
				9C60BB558379D11BF441AD97 /* [CP] Copy Pods Resources */,
			);
			buildRules = (
			);
			dependencies = (
			);
			name = TrainingIOS;
			productName = TrainingIOS;
			productReference = 84BDF85D1F1DA43D00BA9228 /* TrainingIOS.app */;
			productType = "com.apple.product-type.application";
		};
/* End PBXNativeTarget section */

/* Begin PBXProject section */
		84BDF8551F1DA43D00BA9228 /* Project object */ = {
			isa = PBXProject;
			attributes = {
				LastSwiftUpdateCheck = 0830;
				LastUpgradeCheck = 0830;
				ORGANIZATIONNAME = DaoNhat;
				TargetAttributes = {
					84BDF85C1F1DA43D00BA9228 = {
						CreatedOnToolsVersion = 8.3.3;
						DevelopmentTeam = U7EC88V24E;
						ProvisioningStyle = Automatic;
					};
				};
			};
			buildConfigurationList = 84BDF8581F1DA43D00BA9228 /* Build configuration list for PBXProject "TrainingIOS" */;
			compatibilityVersion = "Xcode 3.2";
			developmentRegion = English;
			hasScannedForEncodings = 0;
			knownRegions = (
				en,
				Base,
			);
			mainGroup = 84BDF8541F1DA43D00BA9228;
			productRefGroup = 84BDF85E1F1DA43D00BA9228 /* Products */;
			projectDirPath = "";
			projectRoot = "";
			targets = (
				84BDF85C1F1DA43D00BA9228 /* TrainingIOS */,
			);
		};
/* End PBXProject section */

/* Begin PBXResourcesBuildPhase section */
		84BDF85B1F1DA43D00BA9228 /* Resources */ = {
			isa = PBXResourcesBuildPhase;
			buildActionMask = 2147483647;
			files = (
				093AF24E1F59449E00DB50CF /* RefreshTableViewCell.xib in Resources */,
				847D50F01F29CEEB0005A63F /* Status01TableViewCell.xib in Resources */,
				847088D61F2AEB1600B42D49 /* Status02TableViewCell.xib in Resources */,
				09B76C111F4C16D90068A865 /* Profile.storyboard in Resources */,
				847088D21F2AD4C600B42D49 /* PostStatusTableViewCell.xib in Resources */,
				84BDF86B1F1DA43E00BA9228 /* LaunchScreen.storyboard in Resources */,
				84BDF8681F1DA43E00BA9228 /* Assets.xcassets in Resources */,
				84BDF8661F1DA43E00BA9228 /* Main.storyboard in Resources */,
				847D50E61F29CB5D0005A63F /* MainApp.storyboard in Resources */,
			);
			runOnlyForDeploymentPostprocessing = 0;
		};
/* End PBXResourcesBuildPhase section */

/* Begin PBXShellScriptBuildPhase section */
		0A4EAACD4CF2864C027E10B7 /* [CP] Embed Pods Frameworks */ = {
			isa = PBXShellScriptBuildPhase;
			buildActionMask = 2147483647;
			files = (
			);
			inputPaths = (
			);
			name = "[CP] Embed Pods Frameworks";
			outputPaths = (
			);
			runOnlyForDeploymentPostprocessing = 0;
			shellPath = /bin/sh;
			shellScript = "\"${SRCROOT}/Pods/Target Support Files/Pods-TrainingIOS/Pods-TrainingIOS-frameworks.sh\"\n";
			showEnvVarsInLog = 0;
		};
		0F270BA420FA6ACFE20CE61D /* [CP] Check Pods Manifest.lock */ = {
			isa = PBXShellScriptBuildPhase;
			buildActionMask = 2147483647;
			files = (
			);
			inputPaths = (
			);
			name = "[CP] Check Pods Manifest.lock";
			outputPaths = (
			);
			runOnlyForDeploymentPostprocessing = 0;
			shellPath = /bin/sh;
			shellScript = "diff \"${PODS_PODFILE_DIR_PATH}/Podfile.lock\" \"${PODS_ROOT}/Manifest.lock\" > /dev/null\nif [ $? != 0 ] ; then\n    # print error to STDERR\n    echo \"error: The sandbox is not in sync with the Podfile.lock. Run 'pod install' or update your CocoaPods installation.\" >&2\n    exit 1\nfi\n";
			showEnvVarsInLog = 0;
		};
		9C60BB558379D11BF441AD97 /* [CP] Copy Pods Resources */ = {
			isa = PBXShellScriptBuildPhase;
			buildActionMask = 2147483647;
			files = (
			);
			inputPaths = (
			);
			name = "[CP] Copy Pods Resources";
			outputPaths = (
			);
			runOnlyForDeploymentPostprocessing = 0;
			shellPath = /bin/sh;
			shellScript = "\"${SRCROOT}/Pods/Target Support Files/Pods-TrainingIOS/Pods-TrainingIOS-resources.sh\"\n";
			showEnvVarsInLog = 0;
		};
/* End PBXShellScriptBuildPhase section */

/* Begin PBXSourcesBuildPhase section */
		84BDF8591F1DA43D00BA9228 /* Sources */ = {
			isa = PBXSourcesBuildPhase;
			buildActionMask = 2147483647;
			files = (
				09D8DB9C1F612E980065FCF5 /* TimelineRouter.swift in Sources */,
				094EFE351F45828B00B94085 /* CommentViewController.swift in Sources */,
				84C165BE1F2192CA005F8B62 /* UIViewExtension.swift in Sources */,
				09FF5DDD1F3458A200F8E8D9 /* NewStatusViewController.swift in Sources */,
				847088D51F2AEB1600B42D49 /* Status02TableViewCell.swift in Sources */,
				09D8DB971F61280C0065FCF5 /* ApiClient.swift in Sources */,
				09D8DB9A1F61291B0065FCF5 /* Config.swift in Sources */,
				09B76C131F4C22270068A865 /* ProfileViewController.swift in Sources */,
				847088D11F2AD4C600B42D49 /* PostStatusTableViewCell.swift in Sources */,
				091F5E331F5506E2008A9448 /* SplashViewController.swift in Sources */,
				8439E9041F21FB5800C484F6 /* UiTextFieldExtension.swift in Sources */,
				098210F91F5E355C009B978A /* Color+Ext.swift in Sources */,
				847088D91F2AED4500B42D49 /* Status.swift in Sources */,
				847D50EB1F29CE320005A63F /* TimeLineTableViewController.swift in Sources */,
				09B76C171F4C29B40068A865 /* DateExtension.swift in Sources */,
				09F0B12B1F4C43930070F50C /* EditProfileViewController.swift in Sources */,
				093AF2441F590F2200DB50CF /* Array+Shuffle.swift in Sources */,
				843B18C61F1F3C390069B798 /* RegisterController.swift in Sources */,
				09B76C151F4C26380068A865 /* User.swift in Sources */,
				093AF24D1F59449E00DB50CF /* RefreshTableViewCell.swift in Sources */,
				8439E8FE1F21B45400C484F6 /* UIViewControllerExtension.swift in Sources */,
				09D8DB951F6127B00065FCF5 /* AppRouter.swift in Sources */,
				84BDF8631F1DA43D00BA9228 /* ViewController.swift in Sources */,
				847D50EF1F29CEEB0005A63F /* Status01TableViewCell.swift in Sources */,
				84BDF8611F1DA43D00BA9228 /* AppDelegate.swift in Sources */,
			);
			runOnlyForDeploymentPostprocessing = 0;
		};
/* End PBXSourcesBuildPhase section */

/* Begin PBXVariantGroup section */
		84BDF8641F1DA43E00BA9228 /* Main.storyboard */ = {
			isa = PBXVariantGroup;
			children = (
				84BDF8651F1DA43E00BA9228 /* Base */,
			);
			name = Main.storyboard;
			sourceTree = "<group>";
		};
		84BDF8691F1DA43E00BA9228 /* LaunchScreen.storyboard */ = {
			isa = PBXVariantGroup;
			children = (
				84BDF86A1F1DA43E00BA9228 /* Base */,
			);
			name = LaunchScreen.storyboard;
			sourceTree = "<group>";
		};
/* End PBXVariantGroup section */

/* Begin XCBuildConfiguration section */
		84BDF86D1F1DA43E00BA9228 /* Debug */ = {
			isa = XCBuildConfiguration;
			buildSettings = {
				ALWAYS_SEARCH_USER_PATHS = NO;
				CLANG_ANALYZER_NONNULL = YES;
				CLANG_ANALYZER_NUMBER_OBJECT_CONVERSION = YES_AGGRESSIVE;
				CLANG_CXX_LANGUAGE_STANDARD = "gnu++0x";
				CLANG_CXX_LIBRARY = "libc++";
				CLANG_ENABLE_MODULES = YES;
				CLANG_ENABLE_OBJC_ARC = YES;
				CLANG_WARN_BOOL_CONVERSION = YES;
				CLANG_WARN_CONSTANT_CONVERSION = YES;
				CLANG_WARN_DIRECT_OBJC_ISA_USAGE = YES_ERROR;
				CLANG_WARN_DOCUMENTATION_COMMENTS = YES;
				CLANG_WARN_EMPTY_BODY = YES;
				CLANG_WARN_ENUM_CONVERSION = YES;
				CLANG_WARN_INFINITE_RECURSION = YES;
				CLANG_WARN_INT_CONVERSION = YES;
				CLANG_WARN_OBJC_ROOT_CLASS = YES_ERROR;
				CLANG_WARN_SUSPICIOUS_MOVE = YES;
				CLANG_WARN_UNREACHABLE_CODE = YES;
				CLANG_WARN__DUPLICATE_METHOD_MATCH = YES;
				"CODE_SIGN_IDENTITY[sdk=iphoneos*]" = "iPhone Developer";
				COPY_PHASE_STRIP = NO;
				DEBUG_INFORMATION_FORMAT = dwarf;
				ENABLE_STRICT_OBJC_MSGSEND = YES;
				ENABLE_TESTABILITY = YES;
				GCC_C_LANGUAGE_STANDARD = gnu99;
				GCC_DYNAMIC_NO_PIC = NO;
				GCC_NO_COMMON_BLOCKS = YES;
				GCC_OPTIMIZATION_LEVEL = 0;
				GCC_PREPROCESSOR_DEFINITIONS = (
					"DEBUG=1",
					"$(inherited)",
				);
				GCC_WARN_64_TO_32_BIT_CONVERSION = YES;
				GCC_WARN_ABOUT_RETURN_TYPE = YES_ERROR;
				GCC_WARN_UNDECLARED_SELECTOR = YES;
				GCC_WARN_UNINITIALIZED_AUTOS = YES_AGGRESSIVE;
				GCC_WARN_UNUSED_FUNCTION = YES;
				GCC_WARN_UNUSED_VARIABLE = YES;
				IPHONEOS_DEPLOYMENT_TARGET = 10.3;
				MTL_ENABLE_DEBUG_INFO = YES;
				ONLY_ACTIVE_ARCH = YES;
				SDKROOT = iphoneos;
				SWIFT_ACTIVE_COMPILATION_CONDITIONS = DEBUG;
				SWIFT_OPTIMIZATION_LEVEL = "-Onone";
			};
			name = Debug;
		};
		84BDF86E1F1DA43E00BA9228 /* Release */ = {
			isa = XCBuildConfiguration;
			buildSettings = {
				ALWAYS_SEARCH_USER_PATHS = NO;
				CLANG_ANALYZER_NONNULL = YES;
				CLANG_ANALYZER_NUMBER_OBJECT_CONVERSION = YES_AGGRESSIVE;
				CLANG_CXX_LANGUAGE_STANDARD = "gnu++0x";
				CLANG_CXX_LIBRARY = "libc++";
				CLANG_ENABLE_MODULES = YES;
				CLANG_ENABLE_OBJC_ARC = YES;
				CLANG_WARN_BOOL_CONVERSION = YES;
				CLANG_WARN_CONSTANT_CONVERSION = YES;
				CLANG_WARN_DIRECT_OBJC_ISA_USAGE = YES_ERROR;
				CLANG_WARN_DOCUMENTATION_COMMENTS = YES;
				CLANG_WARN_EMPTY_BODY = YES;
				CLANG_WARN_ENUM_CONVERSION = YES;
				CLANG_WARN_INFINITE_RECURSION = YES;
				CLANG_WARN_INT_CONVERSION = YES;
				CLANG_WARN_OBJC_ROOT_CLASS = YES_ERROR;
				CLANG_WARN_SUSPICIOUS_MOVE = YES;
				CLANG_WARN_UNREACHABLE_CODE = YES;
				CLANG_WARN__DUPLICATE_METHOD_MATCH = YES;
				"CODE_SIGN_IDENTITY[sdk=iphoneos*]" = "iPhone Developer";
				COPY_PHASE_STRIP = NO;
				DEBUG_INFORMATION_FORMAT = "dwarf-with-dsym";
				ENABLE_NS_ASSERTIONS = NO;
				ENABLE_STRICT_OBJC_MSGSEND = YES;
				GCC_C_LANGUAGE_STANDARD = gnu99;
				GCC_NO_COMMON_BLOCKS = YES;
				GCC_WARN_64_TO_32_BIT_CONVERSION = YES;
				GCC_WARN_ABOUT_RETURN_TYPE = YES_ERROR;
				GCC_WARN_UNDECLARED_SELECTOR = YES;
				GCC_WARN_UNINITIALIZED_AUTOS = YES_AGGRESSIVE;
				GCC_WARN_UNUSED_FUNCTION = YES;
				GCC_WARN_UNUSED_VARIABLE = YES;
				IPHONEOS_DEPLOYMENT_TARGET = 10.3;
				MTL_ENABLE_DEBUG_INFO = NO;
				SDKROOT = iphoneos;
				SWIFT_OPTIMIZATION_LEVEL = "-Owholemodule";
				VALIDATE_PRODUCT = YES;
			};
			name = Release;
		};
		84BDF8701F1DA43E00BA9228 /* Debug */ = {
			isa = XCBuildConfiguration;
			baseConfigurationReference = AAB2DC7CDCA5D1B3615DB3AD /* Pods-TrainingIOS.debug.xcconfig */;
			buildSettings = {
				ASSETCATALOG_COMPILER_APPICON_NAME = AppIcon;
				DEVELOPMENT_TEAM = U7EC88V24E;
				INFOPLIST_FILE = TrainingIOS/Info.plist;
				LD_RUNPATH_SEARCH_PATHS = "$(inherited) @executable_path/Frameworks";
				PRODUCT_BUNDLE_IDENTIFIER = com.daonhat.TrainingIOS;
				PRODUCT_NAME = "$(TARGET_NAME)";
				SWIFT_VERSION = 3.0;
			};
			name = Debug;
		};
		84BDF8711F1DA43E00BA9228 /* Release */ = {
			isa = XCBuildConfiguration;
			baseConfigurationReference = A3C0F2E0D7D2668A14E1CCE5 /* Pods-TrainingIOS.release.xcconfig */;
			buildSettings = {
				ASSETCATALOG_COMPILER_APPICON_NAME = AppIcon;
				DEVELOPMENT_TEAM = U7EC88V24E;
				INFOPLIST_FILE = TrainingIOS/Info.plist;
				LD_RUNPATH_SEARCH_PATHS = "$(inherited) @executable_path/Frameworks";
				PRODUCT_BUNDLE_IDENTIFIER = com.daonhat.TrainingIOS;
				PRODUCT_NAME = "$(TARGET_NAME)";
				SWIFT_VERSION = 3.0;
			};
			name = Release;
		};
/* End XCBuildConfiguration section */

/* Begin XCConfigurationList section */
		84BDF8581F1DA43D00BA9228 /* Build configuration list for PBXProject "TrainingIOS" */ = {
			isa = XCConfigurationList;
			buildConfigurations = (
				84BDF86D1F1DA43E00BA9228 /* Debug */,
				84BDF86E1F1DA43E00BA9228 /* Release */,
			);
			defaultConfigurationIsVisible = 0;
			defaultConfigurationName = Release;
		};
		84BDF86F1F1DA43E00BA9228 /* Build configuration list for PBXNativeTarget "TrainingIOS" */ = {
			isa = XCConfigurationList;
			buildConfigurations = (
				84BDF8701F1DA43E00BA9228 /* Debug */,
				84BDF8711F1DA43E00BA9228 /* Release */,
			);
			defaultConfigurationIsVisible = 0;
			defaultConfigurationName = Release;
		};
/* End XCConfigurationList section */
	};
	rootObject = 84BDF8551F1DA43D00BA9228 /* Project object */;
}
